
Microsoft Visual Studio Solution File, Format Version 12.00
# Visual Studio Version 16
VisualStudioVersion = 16.0.31205.134
MinimumVisualStudioVersion = 10.0.40219.1
Project("{FAE04EC0-301F-11D3-BF4B-00C04F79EFBC}") = "SilvioSantos", "SilvioSantos.csproj", "{C301F4A4-D8A8-410F-AB25-25ACBB9D9867}"
EndProject
Global
	GlobalSection(SolutionConfigurationPlatforms) = preSolution
		Debug|Any CPU = Debug|Any CPU
		Release|Any CPU = Release|Any CPU
	EndGlobalSection
	GlobalSection(ProjectConfigurationPlatforms) = postSolution
		{C301F4A4-D8A8-410F-AB25-25ACBB9D9867}.Debug|Any CPU.ActiveCfg = Debug|Any CPU
		{C301F4A4-D8A8-410F-AB25-25ACBB9D9867}.Debug|Any CPU.Build.0 = Debug|Any CPU
		{C301F4A4-D8A8-410F-AB25-25ACBB9D9867}.Release|Any CPU.ActiveCfg = Release|Any CPU
		{C301F4A4-D8A8-410F-AB25-25ACBB9D9867}.Release|Any CPU.Build.0 = Release|Any CPU
	EndGlobalSection
	GlobalSection(SolutionProperties) = preSolution
		HideSolutionNode = FALSE
	EndGlobalSection
	GlobalSection(ExtensibilityGlobals) = postSolution
		SolutionGuid = {50D62242-DB49-45E3-B02A-A7B000C1EA9C}
	EndGlobalSection
EndGlobal
